
Microsoft Visual Studio Solution File, Format Version 12.00
# Visual Studio Version 17
VisualStudioVersion = 17.0.31903.59
MinimumVisualStudioVersion = 10.0.40219.1
Project("{FAE04EC0-301F-11D3-BF4B-00C04F79EFBC}") = "Lzma", "Lzma\Lzma.csproj", "{74DCFC8B-FFB3-407C-8422-1D81D19A7C7B}"
EndProject
Project("{2150E333-8FDC-42A3-9474-1A3956D46DE8}") = "MapTool", "MapTool", "{3C61B57D-88DC-CA88-82B3-76FE71EF8D50}"
EndProject
Project("{FAE04EC0-301F-11D3-BF4B-00C04F79EFBC}") = "MapTools", "MapTool\MapTools.csproj", "{A088DBB6-5752-4614-8159-ED363095022A}"
EndProject
Project("{FAE04EC0-301F-11D3-BF4B-00C04F79EFBC}") = "CreateMap", "CreateMap.cs\CreateMap.csproj", "{B631E907-CBA5-4E45-BA14-DAF9B1F0B8D0}"
EndProject
Project("{FAE04EC0-301F-11D3-BF4B-00C04F79EFBC}") = "ExtractMap", "ExtractMap\ExtractMap.csproj", "{FB72F98F-DC49-47D1-A129-F552344FBECE}"
EndProject
Project("{FAE04EC0-301F-11D3-BF4B-00C04F79EFBC}") = "PlatformWindows", "Platform\PlatformWindows.csproj", "{A52E00EC-26F5-4075-950A-FF47714B3217}"
EndProject
Project("{FAE04EC0-301F-11D3-BF4B-00C04F79EFBC}") = "XnaCompat", "Shims\XnaCompat\XnaCompat.csproj", "{C88A2F93-99C4-440F-AFA0-D66D9D25AD3D}"
EndProject
Project("{FAE04EC0-301F-11D3-BF4B-00C04F79EFBC}") = "Drawing", "Shims\Drawing\Drawing.csproj", "{51D73526-063A-4F6E-8F92-25717FD0EBA7}"
EndProject
Project("{FAE04EC0-301F-11D3-BF4B-00C04F79EFBC}") = "Steamworks", "Shims\Steamworks\Steamworks.csproj", "{20987499-6E30-45C8-A145-4F362D2F0BF6}"
EndProject
Project("{FAE04EC0-301F-11D3-BF4B-00C04F79EFBC}") = "WinForms", "Shims\WinForms\WinForms.csproj", "{007436D7-4666-416B-A3C6-41B58131BDBD}"
EndProject
Project("{FAE04EC0-301F-11D3-BF4B-00C04F79EFBC}") = "Nuclex", "Shims\Nuclex\Nuclex.csproj", "{5AC8D92C-9034-47D7-B5D8-06276C6DE4FF}"
EndProject
Project("{FAE04EC0-301F-11D3-BF4B-00C04F79EFBC}") = "Game", "Game\Game\Game.csproj", "{8E958170-56C4-4524-BD17-C2EEF4D605C4}"
EndProject
Project("{FAE04EC0-301F-11D3-BF4B-00C04F79EFBC}") = "Server", "Server\Server.csproj", "{09744FEC-F575-46C1-89B1-7D9E1B9FF0A6}"
EndProject
Project("{FAE04EC0-301F-11D3-BF4B-00C04F79EFBC}") = "Vexillum", "ZombieSurvival\Vexillum.csproj", "{71FFFB3E-E697-416E-81BB-89FD9394D168}"
EndProject
Project("{FAE04EC0-301F-11D3-BF4B-00C04F79EFBC}") = "Vexillum.Tests", "Tests\Vexillum.Tests\Vexillum.Tests.csproj", "{B5508C2D-2126-4D80-BB21-31B363DC3106}"
EndProject
Project("{2150E333-8FDC-42A3-9474-1A3956D46DE8}") = "Shims", "Shims", "{D2EE8243-AE09-4F7C-F2FB-6BF58946D6C1}"
EndProject
Project("{FAE04EC0-301F-11D3-BF4B-00C04F79EFBC}") = "DebugHost", "Shims\DebugHost\DebugHost.csproj", "{5A925085-5D2E-44E3-940F-D91686F6ECC5}"
EndProject
Global
	GlobalSection(SolutionConfigurationPlatforms) = preSolution
		Debug|Any CPU = Debug|Any CPU
		Debug|x64 = Debug|x64
		Debug|x86 = Debug|x86
		Release|Any CPU = Release|Any CPU
		Release|x64 = Release|x64
		Release|x86 = Release|x86
	EndGlobalSection
	GlobalSection(ProjectConfigurationPlatforms) = postSolution
		{74DCFC8B-FFB3-407C-8422-1D81D19A7C7B}.Debug|Any CPU.ActiveCfg = Debug|Any CPU
		{74DCFC8B-FFB3-407C-8422-1D81D19A7C7B}.Debug|Any CPU.Build.0 = Debug|Any CPU
		{74DCFC8B-FFB3-407C-8422-1D81D19A7C7B}.Debug|x64.ActiveCfg = Debug|Any CPU
		{74DCFC8B-FFB3-407C-8422-1D81D19A7C7B}.Debug|x64.Build.0 = Debug|Any CPU
		{74DCFC8B-FFB3-407C-8422-1D81D19A7C7B}.Debug|x86.ActiveCfg = Debug|Any CPU
		{74DCFC8B-FFB3-407C-8422-1D81D19A7C7B}.Debug|x86.Build.0 = Debug|Any CPU
		{74DCFC8B-FFB3-407C-8422-1D81D19A7C7B}.Release|Any CPU.ActiveCfg = Release|Any CPU
		{74DCFC8B-FFB3-407C-8422-1D81D19A7C7B}.Release|Any CPU.Build.0 = Release|Any CPU
		{74DCFC8B-FFB3-407C-8422-1D81D19A7C7B}.Release|x64.ActiveCfg = Release|Any CPU
		{74DCFC8B-FFB3-407C-8422-1D81D19A7C7B}.Release|x64.Build.0 = Release|Any CPU
		{74DCFC8B-FFB3-407C-8422-1D81D19A7C7B}.Release|x86.ActiveCfg = Release|Any CPU
		{74DCFC8B-FFB3-407C-8422-1D81D19A7C7B}.Release|x86.Build.0 = Release|Any CPU
		{A088DBB6-5752-4614-8159-ED363095022A}.Debug|Any CPU.ActiveCfg = Debug|Any CPU
		{A088DBB6-5752-4614-8159-ED363095022A}.Debug|Any CPU.Build.0 = Debug|Any CPU
		{A088DBB6-5752-4614-8159-ED363095022A}.Debug|x64.ActiveCfg = Debug|Any CPU
		{A088DBB6-5752-4614-8159-ED363095022A}.Debug|x64.Build.0 = Debug|Any CPU
		{A088DBB6-5752-4614-8159-ED363095022A}.Debug|x86.ActiveCfg = Debug|Any CPU
		{A088DBB6-5752-4614-8159-ED363095022A}.Debug|x86.Build.0 = Debug|Any CPU
		{A088DBB6-5752-4614-8159-ED363095022A}.Release|Any CPU.ActiveCfg = Release|Any CPU
		{A088DBB6-5752-4614-8159-ED363095022A}.Release|Any CPU.Build.0 = Release|Any CPU
		{A088DBB6-5752-4614-8159-ED363095022A}.Release|x64.ActiveCfg = Release|Any CPU
		{A088DBB6-5752-4614-8159-ED363095022A}.Release|x64.Build.0 = Release|Any CPU
		{A088DBB6-5752-4614-8159-ED363095022A}.Release|x86.ActiveCfg = Release|Any CPU
		{A088DBB6-5752-4614-8159-ED363095022A}.Release|x86.Build.0 = Release|Any CPU
		{B631E907-CBA5-4E45-BA14-DAF9B1F0B8D0}.Debug|Any CPU.ActiveCfg = Debug|Any CPU
		{B631E907-CBA5-4E45-BA14-DAF9B1F0B8D0}.Debug|Any CPU.Build.0 = Debug|Any CPU
		{B631E907-CBA5-4E45-BA14-DAF9B1F0B8D0}.Debug|x64.ActiveCfg = Debug|Any CPU
		{B631E907-CBA5-4E45-BA14-DAF9B1F0B8D0}.Debug|x64.Build.0 = Debug|Any CPU
		{B631E907-CBA5-4E45-BA14-DAF9B1F0B8D0}.Debug|x86.ActiveCfg = Debug|Any CPU
		{B631E907-CBA5-4E45-BA14-DAF9B1F0B8D0}.Debug|x86.Build.0 = Debug|Any CPU
		{B631E907-CBA5-4E45-BA14-DAF9B1F0B8D0}.Release|Any CPU.ActiveCfg = Release|Any CPU
		{B631E907-CBA5-4E45-BA14-DAF9B1F0B8D0}.Release|Any CPU.Build.0 = Release|Any CPU
		{B631E907-CBA5-4E45-BA14-DAF9B1F0B8D0}.Release|x64.ActiveCfg = Release|Any CPU
		{B631E907-CBA5-4E45-BA14-DAF9B1F0B8D0}.Release|x64.Build.0 = Release|Any CPU
		{B631E907-CBA5-4E45-BA14-DAF9B1F0B8D0}.Release|x86.ActiveCfg = Release|Any CPU
		{B631E907-CBA5-4E45-BA14-DAF9B1F0B8D0}.Release|x86.Build.0 = Release|Any CPU
		{FB72F98F-DC49-47D1-A129-F552344FBECE}.Debug|Any CPU.ActiveCfg = Debug|Any CPU
		{FB72F98F-DC49-47D1-A129-F552344FBECE}.Debug|Any CPU.Build.0 = Debug|Any CPU
		{FB72F98F-DC49-47D1-A129-F552344FBECE}.Debug|x64.ActiveCfg = Debug|Any CPU
		{FB72F98F-DC49-47D1-A129-F552344FBECE}.Debug|x64.Build.0 = Debug|Any CPU
		{FB72F98F-DC49-47D1-A129-F552344FBECE}.Debug|x86.ActiveCfg = Debug|Any CPU
		{FB72F98F-DC49-47D1-A129-F552344FBECE}.Debug|x86.Build.0 = Debug|Any CPU
		{FB72F98F-DC49-47D1-A129-F552344FBECE}.Release|Any CPU.ActiveCfg = Release|Any CPU
		{FB72F98F-DC49-47D1-A129-F552344FBECE}.Release|Any CPU.Build.0 = Release|Any CPU
		{FB72F98F-DC49-47D1-A129-F552344FBECE}.Release|x64.ActiveCfg = Release|Any CPU
		{FB72F98F-DC49-47D1-A129-F552344FBECE}.Release|x64.Build.0 = Release|Any CPU
		{FB72F98F-DC49-47D1-A129-F552344FBECE}.Release|x86.ActiveCfg = Release|Any CPU
		{FB72F98F-DC49-47D1-A129-F552344FBECE}.Release|x86.Build.0 = Release|Any CPU
		{A52E00EC-26F5-4075-950A-FF47714B3217}.Debug|Any CPU.ActiveCfg = Debug|Any CPU
		{A52E00EC-26F5-4075-950A-FF47714B3217}.Debug|Any CPU.Build.0 = Debug|Any CPU
		{A52E00EC-26F5-4075-950A-FF47714B3217}.Debug|x64.ActiveCfg = Debug|Any CPU
		{A52E00EC-26F5-4075-950A-FF47714B3217}.Debug|x64.Build.0 = Debug|Any CPU
		{A52E00EC-26F5-4075-950A-FF47714B3217}.Debug|x86.ActiveCfg = Debug|Any CPU
		{A52E00EC-26F5-4075-950A-FF47714B3217}.Debug|x86.Build.0 = Debug|Any CPU
		{A52E00EC-26F5-4075-950A-FF47714B3217}.Release|Any CPU.ActiveCfg = Release|Any CPU
		{A52E00EC-26F5-4075-950A-FF47714B3217}.Release|Any CPU.Build.0 = Release|Any CPU
		{A52E00EC-26F5-4075-950A-FF47714B3217}.Release|x64.ActiveCfg = Release|Any CPU
		{A52E00EC-26F5-4075-950A-FF47714B3217}.Release|x64.Build.0 = Release|Any CPU
		{A52E00EC-26F5-4075-950A-FF47714B3217}.Release|x86.ActiveCfg = Release|Any CPU
		{A52E00EC-26F5-4075-950A-FF47714B3217}.Release|x86.Build.0 = Release|Any CPU
		{C88A2F93-99C4-440F-AFA0-D66D9D25AD3D}.Debug|Any CPU.ActiveCfg = Debug|Any CPU
		{C88A2F93-99C4-440F-AFA0-D66D9D25AD3D}.Debug|Any CPU.Build.0 = Debug|Any CPU
		{C88A2F93-99C4-440F-AFA0-D66D9D25AD3D}.Debug|x64.ActiveCfg = Debug|Any CPU
		{C88A2F93-99C4-440F-AFA0-D66D9D25AD3D}.Debug|x64.Build.0 = Debug|Any CPU
		{C88A2F93-99C4-440F-AFA0-D66D9D25AD3D}.Debug|x86.ActiveCfg = Debug|Any CPU
		{C88A2F93-99C4-440F-AFA0-D66D9D25AD3D}.Debug|x86.Build.0 = Debug|Any CPU
		{C88A2F93-99C4-440F-AFA0-D66D9D25AD3D}.Release|Any CPU.ActiveCfg = Release|Any CPU
		{C88A2F93-99C4-440F-AFA0-D66D9D25AD3D}.Release|Any CPU.Build.0 = Release|Any CPU
		{C88A2F93-99C4-440F-AFA0-D66D9D25AD3D}.Release|x64.ActiveCfg = Release|Any CPU
		{C88A2F93-99C4-440F-AFA0-D66D9D25AD3D}.Release|x64.Build.0 = Release|Any CPU
		{C88A2F93-99C4-440F-AFA0-D66D9D25AD3D}.Release|x86.ActiveCfg = Release|Any CPU
		{C88A2F93-99C4-440F-AFA0-D66D9D25AD3D}.Release|x86.Build.0 = Release|Any CPU
		{51D73526-063A-4F6E-8F92-25717FD0EBA7}.Debug|Any CPU.ActiveCfg = Debug|Any CPU
		{51D73526-063A-4F6E-8F92-25717FD0EBA7}.Debug|Any CPU.Build.0 = Debug|Any CPU
		{51D73526-063A-4F6E-8F92-25717FD0EBA7}.Debug|x64.ActiveCfg = Debug|Any CPU
		{51D73526-063A-4F6E-8F92-25717FD0EBA7}.Debug|x64.Build.0 = Debug|Any CPU
		{51D73526-063A-4F6E-8F92-25717FD0EBA7}.Debug|x86.ActiveCfg = Debug|Any CPU
		{51D73526-063A-4F6E-8F92-25717FD0EBA7}.Debug|x86.Build.0 = Debug|Any CPU
		{51D73526-063A-4F6E-8F92-25717FD0EBA7}.Release|Any CPU.ActiveCfg = Release|Any CPU
		{51D73526-063A-4F6E-8F92-25717FD0EBA7}.Release|Any CPU.Build.0 = Release|Any CPU
		{51D73526-063A-4F6E-8F92-25717FD0EBA7}.Release|x64.ActiveCfg = Release|Any CPU
		{51D73526-063A-4F6E-8F92-25717FD0EBA7}.Release|x64.Build.0 = Release|Any CPU
		{51D73526-063A-4F6E-8F92-25717FD0EBA7}.Release|x86.ActiveCfg = Release|Any CPU
		{51D73526-063A-4F6E-8F92-25717FD0EBA7}.Release|x86.Build.0 = Release|Any CPU
		{20987499-6E30-45C8-A145-4F362D2F0BF6}.Debug|Any CPU.ActiveCfg = Debug|Any CPU
		{20987499-6E30-45C8-A145-4F362D2F0BF6}.Debug|Any CPU.Build.0 = Debug|Any CPU
		{20987499-6E30-45C8-A145-4F362D2F0BF6}.Debug|x64.ActiveCfg = Debug|Any CPU
		{20987499-6E30-45C8-A145-4F362D2F0BF6}.Debug|x64.Build.0 = Debug|Any CPU
		{20987499-6E30-45C8-A145-4F362D2F0BF6}.Debug|x86.ActiveCfg = Debug|Any CPU
		{20987499-6E30-45C8-A145-4F362D2F0BF6}.Debug|x86.Build.0 = Debug|Any CPU
		{20987499-6E30-45C8-A145-4F362D2F0BF6}.Release|Any CPU.ActiveCfg = Release|Any CPU
		{20987499-6E30-45C8-A145-4F362D2F0BF6}.Release|Any CPU.Build.0 = Release|Any CPU
		{20987499-6E30-45C8-A145-4F362D2F0BF6}.Release|x64.ActiveCfg = Release|Any CPU
		{20987499-6E30-45C8-A145-4F362D2F0BF6}.Release|x64.Build.0 = Release|Any CPU
		{20987499-6E30-45C8-A145-4F362D2F0BF6}.Release|x86.ActiveCfg = Release|Any CPU
		{20987499-6E30-45C8-A145-4F362D2F0BF6}.Release|x86.Build.0 = Release|Any CPU
		{007436D7-4666-416B-A3C6-41B58131BDBD}.Debug|Any CPU.ActiveCfg = Debug|Any CPU
		{007436D7-4666-416B-A3C6-41B58131BDBD}.Debug|Any CPU.Build.0 = Debug|Any CPU
		{007436D7-4666-416B-A3C6-41B58131BDBD}.Debug|x64.ActiveCfg = Debug|Any CPU
		{007436D7-4666-416B-A3C6-41B58131BDBD}.Debug|x64.Build.0 = Debug|Any CPU
		{007436D7-4666-416B-A3C6-41B58131BDBD}.Debug|x86.ActiveCfg = Debug|Any CPU
		{007436D7-4666-416B-A3C6-41B58131BDBD}.Debug|x86.Build.0 = Debug|Any CPU
		{007436D7-4666-416B-A3C6-41B58131BDBD}.Release|Any CPU.ActiveCfg = Release|Any CPU
		{007436D7-4666-416B-A3C6-41B58131BDBD}.Release|Any CPU.Build.0 = Release|Any CPU
		{007436D7-4666-416B-A3C6-41B58131BDBD}.Release|x64.ActiveCfg = Release|Any CPU
		{007436D7-4666-416B-A3C6-41B58131BDBD}.Release|x64.Build.0 = Release|Any CPU
		{007436D7-4666-416B-A3C6-41B58131BDBD}.Release|x86.ActiveCfg = Release|Any CPU
		{007436D7-4666-416B-A3C6-41B58131BDBD}.Release|x86.Build.0 = Release|Any CPU
		{5AC8D92C-9034-47D7-B5D8-06276C6DE4FF}.Debug|Any CPU.ActiveCfg = Debug|Any CPU
		{5AC8D92C-9034-47D7-B5D8-06276C6DE4FF}.Debug|Any CPU.Build.0 = Debug|Any CPU
		{5AC8D92C-9034-47D7-B5D8-06276C6DE4FF}.Debug|x64.ActiveCfg = Debug|Any CPU
		{5AC8D92C-9034-47D7-B5D8-06276C6DE4FF}.Debug|x64.Build.0 = Debug|Any CPU
		{5AC8D92C-9034-47D7-B5D8-06276C6DE4FF}.Debug|x86.ActiveCfg = Debug|Any CPU
		{5AC8D92C-9034-47D7-B5D8-06276C6DE4FF}.Debug|x86.Build.0 = Debug|Any CPU
		{5AC8D92C-9034-47D7-B5D8-06276C6DE4FF}.Release|Any CPU.ActiveCfg = Release|Any CPU
		{5AC8D92C-9034-47D7-B5D8-06276C6DE4FF}.Release|Any CPU.Build.0 = Release|Any CPU
		{5AC8D92C-9034-47D7-B5D8-06276C6DE4FF}.Release|x64.ActiveCfg = Release|Any CPU
		{5AC8D92C-9034-47D7-B5D8-06276C6DE4FF}.Release|x64.Build.0 = Release|Any CPU
		{5AC8D92C-9034-47D7-B5D8-06276C6DE4FF}.Release|x86.ActiveCfg = Release|Any CPU
		{5AC8D92C-9034-47D7-B5D8-06276C6DE4FF}.Release|x86.Build.0 = Release|Any CPU
		{8E958170-56C4-4524-BD17-C2EEF4D605C4}.Debug|Any CPU.ActiveCfg = Debug|Any CPU
		{8E958170-56C4-4524-BD17-C2EEF4D605C4}.Debug|Any CPU.Build.0 = Debug|Any CPU
		{8E958170-56C4-4524-BD17-C2EEF4D605C4}.Debug|x64.ActiveCfg = Debug|Any CPU
		{8E958170-56C4-4524-BD17-C2EEF4D605C4}.Debug|x64.Build.0 = Debug|Any CPU
		{8E958170-56C4-4524-BD17-C2EEF4D605C4}.Debug|x86.ActiveCfg = Debug|Any CPU
		{8E958170-56C4-4524-BD17-C2EEF4D605C4}.Debug|x86.Build.0 = Debug|Any CPU
		{8E958170-56C4-4524-BD17-C2EEF4D605C4}.Release|Any CPU.ActiveCfg = Release|Any CPU
		{8E958170-56C4-4524-BD17-C2EEF4D605C4}.Release|Any CPU.Build.0 = Release|Any CPU
		{8E958170-56C4-4524-BD17-C2EEF4D605C4}.Release|x64.ActiveCfg = Release|Any CPU
		{8E958170-56C4-4524-BD17-C2EEF4D605C4}.Release|x64.Build.0 = Release|Any CPU
		{8E958170-56C4-4524-BD17-C2EEF4D605C4}.Release|x86.ActiveCfg = Release|Any CPU
		{8E958170-56C4-4524-BD17-C2EEF4D605C4}.Release|x86.Build.0 = Release|Any CPU
		{09744FEC-F575-46C1-89B1-7D9E1B9FF0A6}.Debug|Any CPU.ActiveCfg = Debug|Any CPU
		{09744FEC-F575-46C1-89B1-7D9E1B9FF0A6}.Debug|Any CPU.Build.0 = Debug|Any CPU
		{09744FEC-F575-46C1-89B1-7D9E1B9FF0A6}.Debug|x64.ActiveCfg = Debug|Any CPU
		{09744FEC-F575-46C1-89B1-7D9E1B9FF0A6}.Debug|x64.Build.0 = Debug|Any CPU
		{09744FEC-F575-46C1-89B1-7D9E1B9FF0A6}.Debug|x86.ActiveCfg = Debug|Any CPU
		{09744FEC-F575-46C1-89B1-7D9E1B9FF0A6}.Debug|x86.Build.0 = Debug|Any CPU
		{09744FEC-F575-46C1-89B1-7D9E1B9FF0A6}.Release|Any CPU.ActiveCfg = Release|Any CPU
		{09744FEC-F575-46C1-89B1-7D9E1B9FF0A6}.Release|Any CPU.Build.0 = Release|Any CPU
		{09744FEC-F575-46C1-89B1-7D9E1B9FF0A6}.Release|x64.ActiveCfg = Release|Any CPU
		{09744FEC-F575-46C1-89B1-7D9E1B9FF0A6}.Release|x64.Build.0 = Release|Any CPU
		{09744FEC-F575-46C1-89B1-7D9E1B9FF0A6}.Release|x86.ActiveCfg = Release|Any CPU
		{09744FEC-F575-46C1-89B1-7D9E1B9FF0A6}.Release|x86.Build.0 = Release|Any CPU
		{71FFFB3E-E697-416E-81BB-89FD9394D168}.Debug|Any CPU.ActiveCfg = Debug|Any CPU
		{71FFFB3E-E697-416E-81BB-89FD9394D168}.Debug|Any CPU.Build.0 = Debug|Any CPU
		{71FFFB3E-E697-416E-81BB-89FD9394D168}.Debug|x64.ActiveCfg = Debug|Any CPU
		{71FFFB3E-E697-416E-81BB-89FD9394D168}.Debug|x64.Build.0 = Debug|Any CPU
		{71FFFB3E-E697-416E-81BB-89FD9394D168}.Debug|x86.ActiveCfg = Debug|Any CPU
		{71FFFB3E-E697-416E-81BB-89FD9394D168}.Debug|x86.Build.0 = Debug|Any CPU
		{71FFFB3E-E697-416E-81BB-89FD9394D168}.Release|Any CPU.ActiveCfg = Release|Any CPU
		{71FFFB3E-E697-416E-81BB-89FD9394D168}.Release|Any CPU.Build.0 = Release|Any CPU
		{71FFFB3E-E697-416E-81BB-89FD9394D168}.Release|x64.ActiveCfg = Release|Any CPU
		{71FFFB3E-E697-416E-81BB-89FD9394D168}.Release|x64.Build.0 = Release|Any CPU
		{71FFFB3E-E697-416E-81BB-89FD9394D168}.Release|x86.ActiveCfg = Release|Any CPU
		{71FFFB3E-E697-416E-81BB-89FD9394D168}.Release|x86.Build.0 = Release|Any CPU
		{B5508C2D-2126-4D80-BB21-31B363DC3106}.Debug|Any CPU.ActiveCfg = Debug|Any CPU
		{B5508C2D-2126-4D80-BB21-31B363DC3106}.Debug|Any CPU.Build.0 = Debug|Any CPU
		{B5508C2D-2126-4D80-BB21-31B363DC3106}.Debug|x64.ActiveCfg = Debug|Any CPU
		{B5508C2D-2126-4D80-BB21-31B363DC3106}.Debug|x64.Build.0 = Debug|Any CPU
		{B5508C2D-2126-4D80-BB21-31B363DC3106}.Debug|x86.ActiveCfg = Debug|Any CPU
		{B5508C2D-2126-4D80-BB21-31B363DC3106}.Debug|x86.Build.0 = Debug|Any CPU
		{B5508C2D-2126-4D80-BB21-31B363DC3106}.Release|Any CPU.ActiveCfg = Release|Any CPU
		{B5508C2D-2126-4D80-BB21-31B363DC3106}.Release|Any CPU.Build.0 = Release|Any CPU
		{B5508C2D-2126-4D80-BB21-31B363DC3106}.Release|x64.ActiveCfg = Release|Any CPU
		{B5508C2D-2126-4D80-BB21-31B363DC3106}.Release|x64.Build.0 = Release|Any CPU
		{B5508C2D-2126-4D80-BB21-31B363DC3106}.Release|x86.ActiveCfg = Release|Any CPU
		{B5508C2D-2126-4D80-BB21-31B363DC3106}.Release|x86.Build.0 = Release|Any CPU
		{5A925085-5D2E-44E3-940F-D91686F6ECC5}.Debug|Any CPU.ActiveCfg = Debug|Any CPU
		{5A925085-5D2E-44E3-940F-D91686F6ECC5}.Debug|Any CPU.Build.0 = Debug|Any CPU
		{5A925085-5D2E-44E3-940F-D91686F6ECC5}.Debug|x64.ActiveCfg = Debug|Any CPU
		{5A925085-5D2E-44E3-940F-D91686F6ECC5}.Debug|x64.Build.0 = Debug|Any CPU
		{5A925085-5D2E-44E3-940F-D91686F6ECC5}.Debug|x86.ActiveCfg = Debug|Any CPU
		{5A925085-5D2E-44E3-940F-D91686F6ECC5}.Debug|x86.Build.0 = Debug|Any CPU
		{5A925085-5D2E-44E3-940F-D91686F6ECC5}.Release|Any CPU.ActiveCfg = Release|Any CPU
		{5A925085-5D2E-44E3-940F-D91686F6ECC5}.Release|Any CPU.Build.0 = Release|Any CPU
		{5A925085-5D2E-44E3-940F-D91686F6ECC5}.Release|x64.ActiveCfg = Release|Any CPU
		{5A925085-5D2E-44E3-940F-D91686F6ECC5}.Release|x64.Build.0 = Release|Any CPU
		{5A925085-5D2E-44E3-940F-D91686F6ECC5}.Release|x86.ActiveCfg = Release|Any CPU
		{5A925085-5D2E-44E3-940F-D91686F6ECC5}.Release|x86.Build.0 = Release|Any CPU
	EndGlobalSection
	GlobalSection(SolutionProperties) = preSolution
		HideSolutionNode = FALSE
	EndGlobalSection
	GlobalSection(NestedProjects) = preSolution
		{A088DBB6-5752-4614-8159-ED363095022A} = {3C61B57D-88DC-CA88-82B3-76FE71EF8D50}
		{B631E907-CBA5-4E45-BA14-DAF9B1F0B8D0} = {3C61B57D-88DC-CA88-82B3-76FE71EF8D50}
		{FB72F98F-DC49-47D1-A129-F552344FBECE} = {3C61B57D-88DC-CA88-82B3-76FE71EF8D50}
		{A52E00EC-26F5-4075-950A-FF47714B3217} = {3C61B57D-88DC-CA88-82B3-76FE71EF8D50}
		{C88A2F93-99C4-440F-AFA0-D66D9D25AD3D} = {3C61B57D-88DC-CA88-82B3-76FE71EF8D50}
		{51D73526-063A-4F6E-8F92-25717FD0EBA7} = {3C61B57D-88DC-CA88-82B3-76FE71EF8D50}
		{20987499-6E30-45C8-A145-4F362D2F0BF6} = {3C61B57D-88DC-CA88-82B3-76FE71EF8D50}
		{007436D7-4666-416B-A3C6-41B58131BDBD} = {3C61B57D-88DC-CA88-82B3-76FE71EF8D50}
		{5AC8D92C-9034-47D7-B5D8-06276C6DE4FF} = {3C61B57D-88DC-CA88-82B3-76FE71EF8D50}
		{8E958170-56C4-4524-BD17-C2EEF4D605C4} = {3C61B57D-88DC-CA88-82B3-76FE71EF8D50}
		{09744FEC-F575-46C1-89B1-7D9E1B9FF0A6} = {3C61B57D-88DC-CA88-82B3-76FE71EF8D50}
		{71FFFB3E-E697-416E-81BB-89FD9394D168} = {3C61B57D-88DC-CA88-82B3-76FE71EF8D50}
		{B5508C2D-2126-4D80-BB21-31B363DC3106} = {3C61B57D-88DC-CA88-82B3-76FE71EF8D50}
		{5A925085-5D2E-44E3-940F-D91686F6ECC5} = {D2EE8243-AE09-4F7C-F2FB-6BF58946D6C1}
	EndGlobalSection
EndGlobal
